{
  "nodes": {
    "nixpkgs": {
      "locked": {
        "lastModified": 1729892344,
        "narHash": "sha256-pMHOXmMw6QbYWNlM6CNDp3yekg48VyF+WvNGi8PUFX4=",
        "owner": "NixOS",
        "repo": "nixpkgs",
        "rev": "5584e3590e597419cd7f703aa7369e95440d1780",
        "type": "github"
      },
      "original": {
        "owner": "NixOS",
        "repo": "nixpkgs",
        "type": "github"
      }
    },
    "root": {
      "inputs": {
        "nixpkgs": "nixpkgs"
      }
    }
  },
  "root": "root",
  "version": 7
}
